
Microsoft Visual Studio Solution File, Format Version 12.00
# Visual Studio Version 17
VisualStudioVersion = 17.5.002.0
MinimumVisualStudioVersion = 10.0.40219.1
Project("{9A19103F-16F7-4668-BE54-9A1E7A4F7556}") = "Bakery", "Bakery.csproj", "{0017705F-363B-452E-AB55-6E271EDC53CA}"
EndProject
Global
	GlobalSection(SolutionConfigurationPlatforms) = preSolution
		Debug|Any CPU = Debug|Any CPU
		Release|Any CPU = Release|Any CPU
	EndGlobalSection
	GlobalSection(ProjectConfigurationPlatforms) = postSolution
		{0017705F-363B-452E-AB55-6E271EDC53CA}.Debug|Any CPU.ActiveCfg = Debug|Any CPU
		{0017705F-363B-452E-AB55-6E271EDC53CA}.Debug|Any CPU.Build.0 = Debug|Any CPU
		{0017705F-363B-452E-AB55-6E271EDC53CA}.Release|Any CPU.ActiveCfg = Release|Any CPU
		{0017705F-363B-452E-AB55-6E271EDC53CA}.Release|Any CPU.Build.0 = Release|Any CPU
	EndGlobalSection
	GlobalSection(SolutionProperties) = preSolution
		HideSolutionNode = FALSE
	EndGlobalSection
	GlobalSection(ExtensibilityGlobals) = postSolution
		SolutionGuid = {30FAABDE-8EF3-4E6C-8751-D894D3D65DD8}
	EndGlobalSection
EndGlobal
